%{
  "jason": {:hex, :jason, "1.1.2", "b03dedea67a99223a2eaf9f1264ce37154564de899fd3d8b9a21b1a6fd64afe7", [:mix], [{:decimal, "~> 1.0", [hex: :decimal, repo: "hexpm", optional: true]}], "hexpm"},
  "poison": {:hex, :poison, "1.5.2", "560bdfb7449e3ddd23a096929fb9fc2122f709bcc758b2d5d5a5c7d0ea848910", [:mix], [], "hexpm"},
  "sentient": {:hex, :sentient, "0.0.2", "46dea8056766b66316b5774d077592ca5082f6a53140716d6a7edbddeae5b1e6", [:mix], [{:poison, "~> 1.5", [hex: :poison, repo: "hexpm", optional: false]}], "hexpm"},
  "veritaserum": {:hex, :veritaserum, "0.2.1", "0f35d86ab48668c2083218c9608ef8543aac57abcfe30c529646fae4cd9f9500", [:mix], [], "hexpm"},
}
